
Microsoft Visual Studio Solution File, Format Version 12.00
# Visual Studio 15
VisualStudioVersion = 15.0.27625.0
MinimumVisualStudioVersion = 10.0.40219.1
Project("{FAE04EC0-301F-11D3-BF4B-00C04F79EFBC}") = "GettingRecentDocs", "GettingRecentDocs.csproj", "{D2380E70-70AC-40B5-9C28-FF527EF4190B}"
EndProject
Global
	GlobalSection(SolutionConfigurationPlatforms) = preSolution
		Debug|Any CPU = Debug|Any CPU
		Release|Any CPU = Release|Any CPU
	EndGlobalSection
	GlobalSection(ProjectConfigurationPlatforms) = postSolution
		{D2380E70-70AC-40B5-9C28-FF527EF4190B}.Debug|Any CPU.ActiveCfg = Debug|Any CPU
		{D2380E70-70AC-40B5-9C28-FF527EF4190B}.Debug|Any CPU.Build.0 = Debug|Any CPU
		{D2380E70-70AC-40B5-9C28-FF527EF4190B}.Release|Any CPU.ActiveCfg = Release|Any CPU
		{D2380E70-70AC-40B5-9C28-FF527EF4190B}.Release|Any CPU.Build.0 = Release|Any CPU
	EndGlobalSection
	GlobalSection(SolutionProperties) = preSolution
		HideSolutionNode = FALSE
	EndGlobalSection
	GlobalSection(ExtensibilityGlobals) = postSolution
		SolutionGuid = {ED1A5D9D-20D0-4301-AE1A-0C45B22B66D1}
	EndGlobalSection
EndGlobal
